
Microsoft Visual Studio Solution File, Format Version 12.00
# Visual Studio Version 17
VisualStudioVersion = 17.5.002.0
MinimumVisualStudioVersion = 10.0.40219.1
Project("{9A19103F-16F7-4668-BE54-9A1E7A4F7556}") = "ECommerce-console", "ECommerce-console.csproj", "{83D7EAC9-2C23-4E91-B4CA-10A0AA6B095D}"
EndProject
Global
	GlobalSection(SolutionConfigurationPlatforms) = preSolution
		Debug|Any CPU = Debug|Any CPU
		Release|Any CPU = Release|Any CPU
	EndGlobalSection
	GlobalSection(ProjectConfigurationPlatforms) = postSolution
		{83D7EAC9-2C23-4E91-B4CA-10A0AA6B095D}.Debug|Any CPU.ActiveCfg = Debug|Any CPU
		{83D7EAC9-2C23-4E91-B4CA-10A0AA6B095D}.Debug|Any CPU.Build.0 = Debug|Any CPU
		{83D7EAC9-2C23-4E91-B4CA-10A0AA6B095D}.Release|Any CPU.ActiveCfg = Release|Any CPU
		{83D7EAC9-2C23-4E91-B4CA-10A0AA6B095D}.Release|Any CPU.Build.0 = Release|Any CPU
	EndGlobalSection
	GlobalSection(SolutionProperties) = preSolution
		HideSolutionNode = FALSE
	EndGlobalSection
	GlobalSection(ExtensibilityGlobals) = postSolution
		SolutionGuid = {A37DE2BD-0200-496E-8D37-ECCB025B0B25}
	EndGlobalSection
EndGlobal
